schema: '2.0'
stages:
  preprocess:
    cmd: python ml-example3/preprocess_data.py
    deps:
    - path: ml-example3/preprocess_data.py
      hash: md5
      md5: fc58438b2e0c3a5b107d46b27d536a48
      size: 3545
    - path: ml-example3/raw-data/weather.csv
      hash: md5
      md5: 8b80f6484630c3b5b0dacaabc37afaf0
      size: 2726131
    - path: ml-example3/utils_and_constants.py
      hash: md5
      md5: 252d3c4eb72c8ecff3350901a839670b
      size: 752
    outs:
    - path: ml-example3/processed-data/weather.csv
      hash: md5
      md5: 5a799ba072f8399633fbd5b922d7c499
      size: 10526986
  train:
    cmd: python ml-example3/train.py
    deps:
    - path: ml-example3/metrics_and_plots.py
      hash: md5
      md5: 779461acb4d33cd9ed9dd985abee782c
      size: 1342
    - path: ml-example3/model.py
      hash: md5
      md5: 7ce64475d4ce129379c1a673bbe90a5a
      size: 1132
    - path: ml-example3/processed-data/weather.csv
      hash: md5
      md5: 5a799ba072f8399633fbd5b922d7c499
      size: 10526986
    - path: ml-example3/train.py
      hash: md5
      md5: d5c486f80a46087cf190f7a7b4d5f9aa
      size: 1196
    - path: ml-example3/utils_and_constants.py
      hash: md5
      md5: 252d3c4eb72c8ecff3350901a839670b
      size: 752
    outs:
    - path: ml-example3/evaluation-result/confusion_matrix.png
      hash: md5
      md5: dcef62662b1736bc960c55d85071cbda
      size: 15337
    - path: ml-example3/evaluation-result/metrics.json
      hash: md5
      md5: ec916b9800512aebcd3824504c316d48
      size: 77
    - path: ml-example3/evaluation-result/predictions.csv
      hash: md5
      md5: b9c8698025c7c9ac7be5d33faf56624b
      size: 31278
